// !$*UTF8*$!
{
	archiveVersion = 1;
	classes = {
	};
	objectVersion = 46;
	objects = {

/* Begin PBXBuildFile section */
		1B71BBDD20201E25005E0B25 /* AppDelegate.swift in Sources */ = {isa = PBXBuildFile; fileRef = 1B71BBDC20201E25005E0B25 /* AppDelegate.swift */; };
		1B71BBE220201E25005E0B25 /* Main.storyboard in Resources */ = {isa = PBXBuildFile; fileRef = 1B71BBE020201E25005E0B25 /* Main.storyboard */; };
		1B71BBE420201E25005E0B25 /* Assets.xcassets in Resources */ = {isa = PBXBuildFile; fileRef = 1B71BBE320201E25005E0B25 /* Assets.xcassets */; };
		1B71BBE720201E25005E0B25 /* LaunchScreen.storyboard in Resources */ = {isa = PBXBuildFile; fileRef = 1B71BBE520201E25005E0B25 /* LaunchScreen.storyboard */; };
		1B71BBF220201E25005E0B25 /* FlixterTests.swift in Sources */ = {isa = PBXBuildFile; fileRef = 1B71BBF120201E25005E0B25 /* FlixterTests.swift */; };
		1B71BBFD20201E25005E0B25 /* FlixterUITests.swift in Sources */ = {isa = PBXBuildFile; fileRef = 1B71BBFC20201E25005E0B25 /* FlixterUITests.swift */; };
		1B71BC0B20217A99005E0B25 /* NowPlayingViewController.swift in Sources */ = {isa = PBXBuildFile; fileRef = 1B71BC0A20217A99005E0B25 /* NowPlayingViewController.swift */; };
		1B99984E202401CB00C834E6 /* MovieCell.swift in Sources */ = {isa = PBXBuildFile; fileRef = 1B99984D202401CB00C834E6 /* MovieCell.swift */; };
		1B999891202A688D00C834E6 /* DetailViewController.swift in Sources */ = {isa = PBXBuildFile; fileRef = 1B999890202A688D00C834E6 /* DetailViewController.swift */; };
		1B999895202D5A4200C834E6 /* SuperheroViewController.swift in Sources */ = {isa = PBXBuildFile; fileRef = 1B999894202D5A4200C834E6 /* SuperheroViewController.swift */; };
		1B999897202D5BA700C834E6 /* PosterCell.swift in Sources */ = {isa = PBXBuildFile; fileRef = 1B999896202D5BA700C834E6 /* PosterCell.swift */; };
		807586F5E7498367E9385DED /* Pods_FlixterTests.framework in Frameworks */ = {isa = PBXBuildFile; fileRef = B1060EF7356D25E8262CA3B2 /* Pods_FlixterTests.framework */; };
		8A437BFEF843952504408BFB /* Pods_Flixter.framework in Frameworks */ = {isa = PBXBuildFile; fileRef = 1FDD75EA0030241DA88FC76F /* Pods_Flixter.framework */; };
		EE9547FF3AF77FB1A7A449ED /* Pods_FlixterUITests.framework in Frameworks */ = {isa = PBXBuildFile; fileRef = 847A585CC9222EC8DD67A7E3 /* Pods_FlixterUITests.framework */; };
/* End PBXBuildFile section */

/* Begin PBXContainerItemProxy section */
		1B71BBEE20201E25005E0B25 /* PBXContainerItemProxy */ = {
			isa = PBXContainerItemProxy;
			containerPortal = 1B71BBD120201E25005E0B25 /* Project object */;
			proxyType = 1;
			remoteGlobalIDString = 1B71BBD820201E25005E0B25;
			remoteInfo = Flixter;
		};
		1B71BBF920201E25005E0B25 /* PBXContainerItemProxy */ = {
			isa = PBXContainerItemProxy;
			containerPortal = 1B71BBD120201E25005E0B25 /* Project object */;
			proxyType = 1;
			remoteGlobalIDString = 1B71BBD820201E25005E0B25;
			remoteInfo = Flixter;
		};
/* End PBXContainerItemProxy section */

/* Begin PBXFileReference section */
		16F4E095D66A8FF9B60F11B4 /* Pods-FlixterUITests.debug.xcconfig */ = {isa = PBXFileReference; includeInIndex = 1; lastKnownFileType = text.xcconfig; name = "Pods-FlixterUITests.debug.xcconfig"; path = "Pods/Target Support Files/Pods-FlixterUITests/Pods-FlixterUITests.debug.xcconfig"; sourceTree = "<group>"; };
		1B71BBD920201E25005E0B25 /* Flixter.app */ = {isa = PBXFileReference; explicitFileType = wrapper.application; includeInIndex = 0; path = Flixter.app; sourceTree = BUILT_PRODUCTS_DIR; };
		1B71BBDC20201E25005E0B25 /* AppDelegate.swift */ = {isa = PBXFileReference; lastKnownFileType = sourcecode.swift; path = AppDelegate.swift; sourceTree = "<group>"; };
		1B71BBE120201E25005E0B25 /* Base */ = {isa = PBXFileReference; lastKnownFileType = file.storyboard; name = Base; path = Base.lproj/Main.storyboard; sourceTree = "<group>"; };
		1B71BBE320201E25005E0B25 /* Assets.xcassets */ = {isa = PBXFileReference; lastKnownFileType = folder.assetcatalog; path = Assets.xcassets; sourceTree = "<group>"; };
		1B71BBE620201E25005E0B25 /* Base */ = {isa = PBXFileReference; lastKnownFileType = file.storyboard; name = Base; path = Base.lproj/LaunchScreen.storyboard; sourceTree = "<group>"; };
		1B71BBE820201E25005E0B25 /* Info.plist */ = {isa = PBXFileReference; lastKnownFileType = text.plist.xml; path = Info.plist; sourceTree = "<group>"; };
		1B71BBED20201E25005E0B25 /* FlixterTests.xctest */ = {isa = PBXFileReference; explicitFileType = wrapper.cfbundle; includeInIndex = 0; path = FlixterTests.xctest; sourceTree = BUILT_PRODUCTS_DIR; };
		1B71BBF120201E25005E0B25 /* FlixterTests.swift */ = {isa = PBXFileReference; lastKnownFileType = sourcecode.swift; path = FlixterTests.swift; sourceTree = "<group>"; };
		1B71BBF320201E25005E0B25 /* Info.plist */ = {isa = PBXFileReference; lastKnownFileType = text.plist.xml; path = Info.plist; sourceTree = "<group>"; };
		1B71BBF820201E25005E0B25 /* FlixterUITests.xctest */ = {isa = PBXFileReference; explicitFileType = wrapper.cfbundle; includeInIndex = 0; path = FlixterUITests.xctest; sourceTree = BUILT_PRODUCTS_DIR; };
		1B71BBFC20201E25005E0B25 /* FlixterUITests.swift */ = {isa = PBXFileReference; lastKnownFileType = sourcecode.swift; path = FlixterUITests.swift; sourceTree = "<group>"; };
		1B71BBFE20201E25005E0B25 /* Info.plist */ = {isa = PBXFileReference; lastKnownFileType = text.plist.xml; path = Info.plist; sourceTree = "<group>"; };
		1B71BC0A20217A99005E0B25 /* NowPlayingViewController.swift */ = {isa = PBXFileReference; fileEncoding = 4; lastKnownFileType = sourcecode.swift; path = NowPlayingViewController.swift; sourceTree = "<group>"; };
		1B99984D202401CB00C834E6 /* MovieCell.swift */ = {isa = PBXFileReference; fileEncoding = 4; lastKnownFileType = sourcecode.swift; path = MovieCell.swift; sourceTree = "<group>"; };
		1B999890202A688D00C834E6 /* DetailViewController.swift */ = {isa = PBXFileReference; fileEncoding = 4; lastKnownFileType = sourcecode.swift; path = DetailViewController.swift; sourceTree = "<group>"; };
		1B999894202D5A4200C834E6 /* SuperheroViewController.swift */ = {isa = PBXFileReference; fileEncoding = 4; lastKnownFileType = sourcecode.swift; path = SuperheroViewController.swift; sourceTree = "<group>"; };
		1B999896202D5BA700C834E6 /* PosterCell.swift */ = {isa = PBXFileReference; fileEncoding = 4; lastKnownFileType = sourcecode.swift; path = PosterCell.swift; sourceTree = "<group>"; };
		1FDD75EA0030241DA88FC76F /* Pods_Flixter.framework */ = {isa = PBXFileReference; explicitFileType = wrapper.framework; includeInIndex = 0; path = Pods_Flixter.framework; sourceTree = BUILT_PRODUCTS_DIR; };
		631A00F0A9FCA486CC508829 /* Pods-Flixter.release.xcconfig */ = {isa = PBXFileReference; includeInIndex = 1; lastKnownFileType = text.xcconfig; name = "Pods-Flixter.release.xcconfig"; path = "Pods/Target Support Files/Pods-Flixter/Pods-Flixter.release.xcconfig"; sourceTree = "<group>"; };
		70CA9AC1B0166D97271DF2CE /* Pods-Flixter.debug.xcconfig */ = {isa = PBXFileReference; includeInIndex = 1; lastKnownFileType = text.xcconfig; name = "Pods-Flixter.debug.xcconfig"; path = "Pods/Target Support Files/Pods-Flixter/Pods-Flixter.debug.xcconfig"; sourceTree = "<group>"; };
		847A585CC9222EC8DD67A7E3 /* Pods_FlixterUITests.framework */ = {isa = PBXFileReference; explicitFileType = wrapper.framework; includeInIndex = 0; path = Pods_FlixterUITests.framework; sourceTree = BUILT_PRODUCTS_DIR; };
		9FB4699A719296665851535B /* Pods-FlixterTests.release.xcconfig */ = {isa = PBXFileReference; includeInIndex = 1; lastKnownFileType = text.xcconfig; name = "Pods-FlixterTests.release.xcconfig"; path = "Pods/Target Support Files/Pods-FlixterTests/Pods-FlixterTests.release.xcconfig"; sourceTree = "<group>"; };
		B1060EF7356D25E8262CA3B2 /* Pods_FlixterTests.framework */ = {isa = PBXFileReference; explicitFileType = wrapper.framework; includeInIndex = 0; path = Pods_FlixterTests.framework; sourceTree = BUILT_PRODUCTS_DIR; };
		B6433F9016C000CEC8BBDB24 /* Pods-FlixterTests.debug.xcconfig */ = {isa = PBXFileReference; includeInIndex = 1; lastKnownFileType = text.xcconfig; name = "Pods-FlixterTests.debug.xcconfig"; path = "Pods/Target Support Files/Pods-FlixterTests/Pods-FlixterTests.debug.xcconfig"; sourceTree = "<group>"; };
		EC0688F90CE8274812E6CC46 /* Pods-FlixterUITests.release.xcconfig */ = {isa = PBXFileReference; includeInIndex = 1; lastKnownFileType = text.xcconfig; name = "Pods-FlixterUITests.release.xcconfig"; path = "Pods/Target Support Files/Pods-FlixterUITests/Pods-FlixterUITests.release.xcconfig"; sourceTree = "<group>"; };
/* End PBXFileReference section */

/* Begin PBXFrameworksBuildPhase section */
		1B71BBD620201E25005E0B25 /* Frameworks */ = {
			isa = PBXFrameworksBuildPhase;
			buildActionMask = 2147483647;
			files = (
				8A437BFEF843952504408BFB /* Pods_Flixter.framework in Frameworks */,
			);
			runOnlyForDeploymentPostprocessing = 0;
		};
		1B71BBEA20201E25005E0B25 /* Frameworks */ = {
			isa = PBXFrameworksBuildPhase;
			buildActionMask = 2147483647;
			files = (
				807586F5E7498367E9385DED /* Pods_FlixterTests.framework in Frameworks */,
			);
			runOnlyForDeploymentPostprocessing = 0;
		};
		1B71BBF520201E25005E0B25 /* Frameworks */ = {
			isa = PBXFrameworksBuildPhase;
			buildActionMask = 2147483647;
			files = (
				EE9547FF3AF77FB1A7A449ED /* Pods_FlixterUITests.framework in Frameworks */,
			);
			runOnlyForDeploymentPostprocessing = 0;
		};
/* End PBXFrameworksBuildPhase section */

/* Begin PBXGroup section */
		1B71BBD020201E25005E0B25 = {
			isa = PBXGroup;
			children = (
				1B71BBDB20201E25005E0B25 /* Flixter */,
				1B71BBF020201E25005E0B25 /* FlixterTests */,
				1B71BBFB20201E25005E0B25 /* FlixterUITests */,
				1B71BBDA20201E25005E0B25 /* Products */,
				9ADAE4B1676F483D24C9B8CF /* Pods */,
				46F98EB35DB0DD31507DD04A /* Frameworks */,
			);
			sourceTree = "<group>";
		};
		1B71BBDA20201E25005E0B25 /* Products */ = {
			isa = PBXGroup;
			children = (
				1B71BBD920201E25005E0B25 /* Flixter.app */,
				1B71BBED20201E25005E0B25 /* FlixterTests.xctest */,
				1B71BBF820201E25005E0B25 /* FlixterUITests.xctest */,
			);
			name = Products;
			sourceTree = "<group>";
		};
		1B71BBDB20201E25005E0B25 /* Flixter */ = {
			isa = PBXGroup;
			children = (
				1B99988F202A67C900C834E6 /* Views */,
				1B99988E202A67AD00C834E6 /* View Controllers */,
				1B71BBDC20201E25005E0B25 /* AppDelegate.swift */,
				1B71BBE020201E25005E0B25 /* Main.storyboard */,
				1B71BBE320201E25005E0B25 /* Assets.xcassets */,
				1B71BBE520201E25005E0B25 /* LaunchScreen.storyboard */,
				1B71BBE820201E25005E0B25 /* Info.plist */,
			);
			path = Flixter;
			sourceTree = "<group>";
		};
		1B71BBF020201E25005E0B25 /* FlixterTests */ = {
			isa = PBXGroup;
			children = (
				1B71BBF120201E25005E0B25 /* FlixterTests.swift */,
				1B71BBF320201E25005E0B25 /* Info.plist */,
			);
			path = FlixterTests;
			sourceTree = "<group>";
		};
		1B71BBFB20201E25005E0B25 /* FlixterUITests */ = {
			isa = PBXGroup;
			children = (
				1B71BBFC20201E25005E0B25 /* FlixterUITests.swift */,
				1B71BBFE20201E25005E0B25 /* Info.plist */,
			);
			path = FlixterUITests;
			sourceTree = "<group>";
		};
		1B99988E202A67AD00C834E6 /* View Controllers */ = {
			isa = PBXGroup;
			children = (
				1B71BC0A20217A99005E0B25 /* NowPlayingViewController.swift */,
				1B999890202A688D00C834E6 /* DetailViewController.swift */,
				1B999894202D5A4200C834E6 /* SuperheroViewController.swift */,
			);
			name = "View Controllers";
			sourceTree = "<group>";
		};
		1B99988F202A67C900C834E6 /* Views */ = {
			isa = PBXGroup;
			children = (
				1B99984D202401CB00C834E6 /* MovieCell.swift */,
				1B999896202D5BA700C834E6 /* PosterCell.swift */,
			);
			name = Views;
			sourceTree = "<group>";
		};
		46F98EB35DB0DD31507DD04A /* Frameworks */ = {
			isa = PBXGroup;
			children = (
				1FDD75EA0030241DA88FC76F /* Pods_Flixter.framework */,
				B1060EF7356D25E8262CA3B2 /* Pods_FlixterTests.framework */,
				847A585CC9222EC8DD67A7E3 /* Pods_FlixterUITests.framework */,
			);
			name = Frameworks;
			sourceTree = "<group>";
		};
		9ADAE4B1676F483D24C9B8CF /* Pods */ = {
			isa = PBXGroup;
			children = (
				70CA9AC1B0166D97271DF2CE /* Pods-Flixter.debug.xcconfig */,
				631A00F0A9FCA486CC508829 /* Pods-Flixter.release.xcconfig */,
				B6433F9016C000CEC8BBDB24 /* Pods-FlixterTests.debug.xcconfig */,
				9FB4699A719296665851535B /* Pods-FlixterTests.release.xcconfig */,
				16F4E095D66A8FF9B60F11B4 /* Pods-FlixterUITests.debug.xcconfig */,
				EC0688F90CE8274812E6CC46 /* Pods-FlixterUITests.release.xcconfig */,
			);
			name = Pods;
			sourceTree = "<group>";
		};
/* End PBXGroup section */

/* Begin PBXNativeTarget section */
		1B71BBD820201E25005E0B25 /* Flixter */ = {
			isa = PBXNativeTarget;
			buildConfigurationList = 1B71BC0120201E25005E0B25 /* Build configuration list for PBXNativeTarget "Flixter" */;
			buildPhases = (
				4DFE83315AAE839D5C7DA205 /* [CP] Check Pods Manifest.lock */,
				1B71BBD520201E25005E0B25 /* Sources */,
				1B71BBD620201E25005E0B25 /* Frameworks */,
				1B71BBD720201E25005E0B25 /* Resources */,
				4AEA5A566DC21609EC6B2A83 /* [CP] Embed Pods Frameworks */,
				DB91145A88F10D020D047244 /* [CP] Copy Pods Resources */,
			);
			buildRules = (
			);
			dependencies = (
			);
			name = Flixter;
			productName = Flixter;
			productReference = 1B71BBD920201E25005E0B25 /* Flixter.app */;
			productType = "com.apple.product-type.application";
		};
		1B71BBEC20201E25005E0B25 /* FlixterTests */ = {
			isa = PBXNativeTarget;
			buildConfigurationList = 1B71BC0420201E25005E0B25 /* Build configuration list for PBXNativeTarget "FlixterTests" */;
			buildPhases = (
				157145D29E8E1E6D302D222C /* [CP] Check Pods Manifest.lock */,
				1B71BBE920201E25005E0B25 /* Sources */,
				1B71BBEA20201E25005E0B25 /* Frameworks */,
				1B71BBEB20201E25005E0B25 /* Resources */,
				5ACD795D7898CC409F5A5578 /* [CP] Embed Pods Frameworks */,
				CAEA6D35548F40049E06A066 /* [CP] Copy Pods Resources */,
			);
			buildRules = (
			);
			dependencies = (
				1B71BBEF20201E25005E0B25 /* PBXTargetDependency */,
			);
			name = FlixterTests;
			productName = FlixterTests;
			productReference = 1B71BBED20201E25005E0B25 /* FlixterTests.xctest */;
			productType = "com.apple.product-type.bundle.unit-test";
		};
		1B71BBF720201E25005E0B25 /* FlixterUITests */ = {
			isa = PBXNativeTarget;
			buildConfigurationList = 1B71BC0720201E25005E0B25 /* Build configuration list for PBXNativeTarget "FlixterUITests" */;
			buildPhases = (
				8310561F9453DF33504FD8AC /* [CP] Check Pods Manifest.lock */,
				1B71BBF420201E25005E0B25 /* Sources */,
				1B71BBF520201E25005E0B25 /* Frameworks */,
				1B71BBF620201E25005E0B25 /* Resources */,
				5A4083012D026AA3595DD668 /* [CP] Embed Pods Frameworks */,
				1072ABFBCFEDE8E6F7E2EBC0 /* [CP] Copy Pods Resources */,
			);
			buildRules = (
			);
			dependencies = (
				1B71BBFA20201E25005E0B25 /* PBXTargetDependency */,
			);
			name = FlixterUITests;
			productName = FlixterUITests;
			productReference = 1B71BBF820201E25005E0B25 /* FlixterUITests.xctest */;
			productType = "com.apple.product-type.bundle.ui-testing";
		};
/* End PBXNativeTarget section */

/* Begin PBXProject section */
		1B71BBD120201E25005E0B25 /* Project object */ = {
			isa = PBXProject;
			attributes = {
				LastSwiftUpdateCheck = 0800;
				LastUpgradeCheck = 0800;
				ORGANIZATIONNAME = "David King";
				TargetAttributes = {
					1B71BBD820201E25005E0B25 = {
						CreatedOnToolsVersion = 8.0;
						ProvisioningStyle = Automatic;
					};
					1B71BBEC20201E25005E0B25 = {
						CreatedOnToolsVersion = 8.0;
						ProvisioningStyle = Automatic;
						TestTargetID = 1B71BBD820201E25005E0B25;
					};
					1B71BBF720201E25005E0B25 = {
						CreatedOnToolsVersion = 8.0;
						ProvisioningStyle = Automatic;
						TestTargetID = 1B71BBD820201E25005E0B25;
					};
				};
			};
			buildConfigurationList = 1B71BBD420201E25005E0B25 /* Build configuration list for PBXProject "Flixter" */;
			compatibilityVersion = "Xcode 3.2";
			developmentRegion = English;
			hasScannedForEncodings = 0;
			knownRegions = (
				en,
				Base,
			);
			mainGroup = 1B71BBD020201E25005E0B25;
			productRefGroup = 1B71BBDA20201E25005E0B25 /* Products */;
			projectDirPath = "";
			projectRoot = "";
			targets = (
				1B71BBD820201E25005E0B25 /* Flixter */,
				1B71BBEC20201E25005E0B25 /* FlixterTests */,
				1B71BBF720201E25005E0B25 /* FlixterUITests */,
			);
		};
/* End PBXProject section */

/* Begin PBXResourcesBuildPhase section */
		1B71BBD720201E25005E0B25 /* Resources */ = {
			isa = PBXResourcesBuildPhase;
			buildActionMask = 2147483647;
			files = (
				1B71BBE720201E25005E0B25 /* LaunchScreen.storyboard in Resources */,
				1B71BBE420201E25005E0B25 /* Assets.xcassets in Resources */,
				1B71BBE220201E25005E0B25 /* Main.storyboard in Resources */,
			);
			runOnlyForDeploymentPostprocessing = 0;
		};
		1B71BBEB20201E25005E0B25 /* Resources */ = {
			isa = PBXResourcesBuildPhase;
			buildActionMask = 2147483647;
			files = (
			);
			runOnlyForDeploymentPostprocessing = 0;
		};
		1B71BBF620201E25005E0B25 /* Resources */ = {
			isa = PBXResourcesBuildPhase;
			buildActionMask = 2147483647;
			files = (
			);
			runOnlyForDeploymentPostprocessing = 0;
		};
/* End PBXResourcesBuildPhase section */

/* Begin PBXShellScriptBuildPhase section */
		1072ABFBCFEDE8E6F7E2EBC0 /* [CP] Copy Pods Resources */ = {
			isa = PBXShellScriptBuildPhase;
			buildActionMask = 2147483647;
			files = (
			);
			inputPaths = (
			);
			name = "[CP] Copy Pods Resources";
			outputPaths = (
			);
			runOnlyForDeploymentPostprocessing = 0;
			shellPath = /bin/sh;
			shellScript = "\"${SRCROOT}/Pods/Target Support Files/Pods-FlixterUITests/Pods-FlixterUITests-resources.sh\"\n";
			showEnvVarsInLog = 0;
		};
		157145D29E8E1E6D302D222C /* [CP] Check Pods Manifest.lock */ = {
			isa = PBXShellScriptBuildPhase;
			buildActionMask = 2147483647;
			files = (
			);
			inputPaths = (
				"${PODS_PODFILE_DIR_PATH}/Podfile.lock",
				"${PODS_ROOT}/Manifest.lock",
			);
			name = "[CP] Check Pods Manifest.lock";
			outputPaths = (
				"$(DERIVED_FILE_DIR)/Pods-FlixterTests-checkManifestLockResult.txt",
			);
			runOnlyForDeploymentPostprocessing = 0;
			shellPath = /bin/sh;
			shellScript = "diff \"${PODS_PODFILE_DIR_PATH}/Podfile.lock\" \"${PODS_ROOT}/Manifest.lock\" > /dev/null\nif [ $? != 0 ] ; then\n    # print error to STDERR\n    echo \"error: The sandbox is not in sync with the Podfile.lock. Run 'pod install' or update your CocoaPods installation.\" >&2\n    exit 1\nfi\n# This output is used by Xcode 'outputs' to avoid re-running this script phase.\necho \"SUCCESS\" > \"${SCRIPT_OUTPUT_FILE_0}\"\n";
			showEnvVarsInLog = 0;
		};
		4AEA5A566DC21609EC6B2A83 /* [CP] Embed Pods Frameworks */ = {
			isa = PBXShellScriptBuildPhase;
			buildActionMask = 2147483647;
			files = (
			);
			inputPaths = (
				"${SRCROOT}/Pods/Target Support Files/Pods-Flixter/Pods-Flixter-frameworks.sh",
				"${BUILT_PRODUCTS_DIR}/Alamofire/Alamofire.framework",
				"${BUILT_PRODUCTS_DIR}/AlamofireImage/AlamofireImage.framework",
			);
			name = "[CP] Embed Pods Frameworks";
			outputPaths = (
				"${TARGET_BUILD_DIR}/${FRAMEWORKS_FOLDER_PATH}/Alamofire.framework",
				"${TARGET_BUILD_DIR}/${FRAMEWORKS_FOLDER_PATH}/AlamofireImage.framework",
			);
			runOnlyForDeploymentPostprocessing = 0;
			shellPath = /bin/sh;
			shellScript = "\"${SRCROOT}/Pods/Target Support Files/Pods-Flixter/Pods-Flixter-frameworks.sh\"\n";
			showEnvVarsInLog = 0;
		};
		4DFE83315AAE839D5C7DA205 /* [CP] Check Pods Manifest.lock */ = {
			isa = PBXShellScriptBuildPhase;
			buildActionMask = 2147483647;
			files = (
			);
			inputPaths = (
				"${PODS_PODFILE_DIR_PATH}/Podfile.lock",
				"${PODS_ROOT}/Manifest.lock",
			);
			name = "[CP] Check Pods Manifest.lock";
			outputPaths = (
				"$(DERIVED_FILE_DIR)/Pods-Flixter-checkManifestLockResult.txt",
			);
			runOnlyForDeploymentPostprocessing = 0;
			shellPath = /bin/sh;
			shellScript = "diff \"${PODS_PODFILE_DIR_PATH}/Podfile.lock\" \"${PODS_ROOT}/Manifest.lock\" > /dev/null\nif [ $? != 0 ] ; then\n    # print error to STDERR\n    echo \"error: The sandbox is not in sync with the Podfile.lock. Run 'pod install' or update your CocoaPods installation.\" >&2\n    exit 1\nfi\n# This output is used by Xcode 'outputs' to avoid re-running this script phase.\necho \"SUCCESS\" > \"${SCRIPT_OUTPUT_FILE_0}\"\n";
			showEnvVarsInLog = 0;
		};
		5A4083012D026AA3595DD668 /* [CP] Embed Pods Frameworks */ = {
			isa = PBXShellScriptBuildPhase;
			buildActionMask = 2147483647;
			files = (
			);
			inputPaths = (
			);
			name = "[CP] Embed Pods Frameworks";
			outputPaths = (
			);
			runOnlyForDeploymentPostprocessing = 0;
			shellPath = /bin/sh;
			shellScript = "\"${SRCROOT}/Pods/Target Support Files/Pods-FlixterUITests/Pods-FlixterUITests-frameworks.sh\"\n";
			showEnvVarsInLog = 0;
		};
		5ACD795D7898CC409F5A5578 /* [CP] Embed Pods Frameworks */ = {
			isa = PBXShellScriptBuildPhase;
			buildActionMask = 2147483647;
			files = (
			);
			inputPaths = (
			);
			name = "[CP] Embed Pods Frameworks";
			outputPaths = (
			);
			runOnlyForDeploymentPostprocessing = 0;
			shellPath = /bin/sh;
			shellScript = "\"${SRCROOT}/Pods/Target Support Files/Pods-FlixterTests/Pods-FlixterTests-frameworks.sh\"\n";
			showEnvVarsInLog = 0;
		};
		8310561F9453DF33504FD8AC /* [CP] Check Pods Manifest.lock */ = {
			isa = PBXShellScriptBuildPhase;
			buildActionMask = 2147483647;
			files = (
			);
			inputPaths = (
				"${PODS_PODFILE_DIR_PATH}/Podfile.lock",
				"${PODS_ROOT}/Manifest.lock",
			);
			name = "[CP] Check Pods Manifest.lock";
			outputPaths = (
				"$(DERIVED_FILE_DIR)/Pods-FlixterUITests-checkManifestLockResult.txt",
			);
			runOnlyForDeploymentPostprocessing = 0;
			shellPath = /bin/sh;
			shellScript = "diff \"${PODS_PODFILE_DIR_PATH}/Podfile.lock\" \"${PODS_ROOT}/Manifest.lock\" > /dev/null\nif [ $? != 0 ] ; then\n    # print error to STDERR\n    echo \"error: The sandbox is not in sync with the Podfile.lock. Run 'pod install' or update your CocoaPods installation.\" >&2\n    exit 1\nfi\n# This output is used by Xcode 'outputs' to avoid re-running this script phase.\necho \"SUCCESS\" > \"${SCRIPT_OUTPUT_FILE_0}\"\n";
			showEnvVarsInLog = 0;
		};
		CAEA6D35548F40049E06A066 /* [CP] Copy Pods Resources */ = {
			isa = PBXShellScriptBuildPhase;
			buildActionMask = 2147483647;
			files = (
			);
			inputPaths = (
			);
			name = "[CP] Copy Pods Resources";
			outputPaths = (
			);
			runOnlyForDeploymentPostprocessing = 0;
			shellPath = /bin/sh;
			shellScript = "\"${SRCROOT}/Pods/Target Support Files/Pods-FlixterTests/Pods-FlixterTests-resources.sh\"\n";
			showEnvVarsInLog = 0;
		};
		DB91145A88F10D020D047244 /* [CP] Copy Pods Resources */ = {
			isa = PBXShellScriptBuildPhase;
			buildActionMask = 2147483647;
			files = (
			);
			inputPaths = (
			);
			name = "[CP] Copy Pods Resources";
			outputPaths = (
			);
			runOnlyForDeploymentPostprocessing = 0;
			shellPath = /bin/sh;
			shellScript = "\"${SRCROOT}/Pods/Target Support Files/Pods-Flixter/Pods-Flixter-resources.sh\"\n";
			showEnvVarsInLog = 0;
		};
/* End PBXShellScriptBuildPhase section */

/* Begin PBXSourcesBuildPhase section */
		1B71BBD520201E25005E0B25 /* Sources */ = {
			isa = PBXSourcesBuildPhase;
			buildActionMask = 2147483647;
			files = (
				1B999895202D5A4200C834E6 /* SuperheroViewController.swift in Sources */,
				1B71BC0B20217A99005E0B25 /* NowPlayingViewController.swift in Sources */,
				1B999897202D5BA700C834E6 /* PosterCell.swift in Sources */,
				1B71BBDD20201E25005E0B25 /* AppDelegate.swift in Sources */,
				1B99984E202401CB00C834E6 /* MovieCell.swift in Sources */,
				1B999891202A688D00C834E6 /* DetailViewController.swift in Sources */,
			);
			runOnlyForDeploymentPostprocessing = 0;
		};
		1B71BBE920201E25005E0B25 /* Sources */ = {
			isa = PBXSourcesBuildPhase;
			buildActionMask = 2147483647;
			files = (
				1B71BBF220201E25005E0B25 /* FlixterTests.swift in Sources */,
			);
			runOnlyForDeploymentPostprocessing = 0;
		};
		1B71BBF420201E25005E0B25 /* Sources */ = {
			isa = PBXSourcesBuildPhase;
			buildActionMask = 2147483647;
			files = (
				1B71BBFD20201E25005E0B25 /* FlixterUITests.swift in Sources */,
			);
			runOnlyForDeploymentPostprocessing = 0;
		};
/* End PBXSourcesBuildPhase section */

/* Begin PBXTargetDependency section */
		1B71BBEF20201E25005E0B25 /* PBXTargetDependency */ = {
			isa = PBXTargetDependency;
			target = 1B71BBD820201E25005E0B25 /* Flixter */;
			targetProxy = 1B71BBEE20201E25005E0B25 /* PBXContainerItemProxy */;
		};
		1B71BBFA20201E25005E0B25 /* PBXTargetDependency */ = {
			isa = PBXTargetDependency;
			target = 1B71BBD820201E25005E0B25 /* Flixter */;
			targetProxy = 1B71BBF920201E25005E0B25 /* PBXContainerItemProxy */;
		};
/* End PBXTargetDependency section */

/* Begin PBXVariantGroup section */
		1B71BBE020201E25005E0B25 /* Main.storyboard */ = {
			isa = PBXVariantGroup;
			children = (
				1B71BBE120201E25005E0B25 /* Base */,
			);
			name = Main.storyboard;
			sourceTree = "<group>";
		};
		1B71BBE520201E25005E0B25 /* LaunchScreen.storyboard */ = {
			isa = PBXVariantGroup;
			children = (
				1B71BBE620201E25005E0B25 /* Base */,
			);
			name = LaunchScreen.storyboard;
			sourceTree = "<group>";
		};
/* End PBXVariantGroup section */

/* Begin XCBuildConfiguration section */
		1B71BBFF20201E25005E0B25 /* Debug */ = {
			isa = XCBuildConfiguration;
			buildSettings = {
				ALWAYS_SEARCH_USER_PATHS = NO;
				CLANG_ANALYZER_NONNULL = YES;
				CLANG_CXX_LANGUAGE_STANDARD = "gnu++0x";
				CLANG_CXX_LIBRARY = "libc++";
				CLANG_ENABLE_MODULES = YES;
				CLANG_ENABLE_OBJC_ARC = YES;
				CLANG_WARN_BOOL_CONVERSION = YES;
				CLANG_WARN_CONSTANT_CONVERSION = YES;
				CLANG_WARN_DIRECT_OBJC_ISA_USAGE = YES_ERROR;
				CLANG_WARN_DOCUMENTATION_COMMENTS = YES;
				CLANG_WARN_EMPTY_BODY = YES;
				CLANG_WARN_ENUM_CONVERSION = YES;
				CLANG_WARN_INFINITE_RECURSION = YES;
				CLANG_WARN_INT_CONVERSION = YES;
				CLANG_WARN_OBJC_ROOT_CLASS = YES_ERROR;
				CLANG_WARN_SUSPICIOUS_MOVES = YES;
				CLANG_WARN_UNREACHABLE_CODE = YES;
				CLANG_WARN__DUPLICATE_METHOD_MATCH = YES;
				"CODE_SIGN_IDENTITY[sdk=iphoneos*]" = "iPhone Developer";
				COPY_PHASE_STRIP = NO;
				DEBUG_INFORMATION_FORMAT = dwarf;
				ENABLE_STRICT_OBJC_MSGSEND = YES;
				ENABLE_TESTABILITY = YES;
				GCC_C_LANGUAGE_STANDARD = gnu99;
				GCC_DYNAMIC_NO_PIC = NO;
				GCC_NO_COMMON_BLOCKS = YES;
				GCC_OPTIMIZATION_LEVEL = 0;
				GCC_PREPROCESSOR_DEFINITIONS = (
					"DEBUG=1",
					"$(inherited)",
				);
				GCC_WARN_64_TO_32_BIT_CONVERSION = YES;
				GCC_WARN_ABOUT_RETURN_TYPE = YES_ERROR;
				GCC_WARN_UNDECLARED_SELECTOR = YES;
				GCC_WARN_UNINITIALIZED_AUTOS = YES_AGGRESSIVE;
				GCC_WARN_UNUSED_FUNCTION = YES;
				GCC_WARN_UNUSED_VARIABLE = YES;
				IPHONEOS_DEPLOYMENT_TARGET = 10.0;
				MTL_ENABLE_DEBUG_INFO = YES;
				ONLY_ACTIVE_ARCH = YES;
				SDKROOT = iphoneos;
				SWIFT_ACTIVE_COMPILATION_CONDITIONS = DEBUG;
				SWIFT_OPTIMIZATION_LEVEL = "-Onone";
			};
			name = Debug;
		};
		1B71BC0020201E25005E0B25 /* Release */ = {
			isa = XCBuildConfiguration;
			buildSettings = {
				ALWAYS_SEARCH_USER_PATHS = NO;
				CLANG_ANALYZER_NONNULL = YES;
				CLANG_CXX_LANGUAGE_STANDARD = "gnu++0x";
				CLANG_CXX_LIBRARY = "libc++";
				CLANG_ENABLE_MODULES = YES;
				CLANG_ENABLE_OBJC_ARC = YES;
				CLANG_WARN_BOOL_CONVERSION = YES;
				CLANG_WARN_CONSTANT_CONVERSION = YES;
				CLANG_WARN_DIRECT_OBJC_ISA_USAGE = YES_ERROR;
				CLANG_WARN_DOCUMENTATION_COMMENTS = YES;
				CLANG_WARN_EMPTY_BODY = YES;
				CLANG_WARN_ENUM_CONVERSION = YES;
				CLANG_WARN_INFINITE_RECURSION = YES;
				CLANG_WARN_INT_CONVERSION = YES;
				CLANG_WARN_OBJC_ROOT_CLASS = YES_ERROR;
				CLANG_WARN_SUSPICIOUS_MOVES = YES;
				CLANG_WARN_UNREACHABLE_CODE = YES;
				CLANG_WARN__DUPLICATE_METHOD_MATCH = YES;
				"CODE_SIGN_IDENTITY[sdk=iphoneos*]" = "iPhone Developer";
				COPY_PHASE_STRIP = NO;
				DEBUG_INFORMATION_FORMAT = "dwarf-with-dsym";
				ENABLE_NS_ASSERTIONS = NO;
				ENABLE_STRICT_OBJC_MSGSEND = YES;
				GCC_C_LANGUAGE_STANDARD = gnu99;
				GCC_NO_COMMON_BLOCKS = YES;
				GCC_WARN_64_TO_32_BIT_CONVERSION = YES;
				GCC_WARN_ABOUT_RETURN_TYPE = YES_ERROR;
				GCC_WARN_UNDECLARED_SELECTOR = YES;
				GCC_WARN_UNINITIALIZED_AUTOS = YES_AGGRESSIVE;
				GCC_WARN_UNUSED_FUNCTION = YES;
				GCC_WARN_UNUSED_VARIABLE = YES;
				IPHONEOS_DEPLOYMENT_TARGET = 10.0;
				MTL_ENABLE_DEBUG_INFO = NO;
				SDKROOT = iphoneos;
				SWIFT_OPTIMIZATION_LEVEL = "-Owholemodule";
				VALIDATE_PRODUCT = YES;
			};
			name = Release;
		};
		1B71BC0220201E25005E0B25 /* Debug */ = {
			isa = XCBuildConfiguration;
			baseConfigurationReference = 70CA9AC1B0166D97271DF2CE /* Pods-Flixter.debug.xcconfig */;
			buildSettings = {
				ASSETCATALOG_COMPILER_APPICON_NAME = AppIcon;
				INFOPLIST_FILE = Flixter/Info.plist;
				LD_RUNPATH_SEARCH_PATHS = "$(inherited) @executable_path/Frameworks";
				PRODUCT_BUNDLE_IDENTIFIER = GaadKang.Flixter;
				PRODUCT_NAME = "$(TARGET_NAME)";
				SWIFT_VERSION = 3.0;
			};
			name = Debug;
		};
		1B71BC0320201E25005E0B25 /* Release */ = {
			isa = XCBuildConfiguration;
			baseConfigurationReference = 631A00F0A9FCA486CC508829 /* Pods-Flixter.release.xcconfig */;
			buildSettings = {
				ASSETCATALOG_COMPILER_APPICON_NAME = AppIcon;
				INFOPLIST_FILE = Flixter/Info.plist;
				LD_RUNPATH_SEARCH_PATHS = "$(inherited) @executable_path/Frameworks";
				PRODUCT_BUNDLE_IDENTIFIER = GaadKang.Flixter;
				PRODUCT_NAME = "$(TARGET_NAME)";
				SWIFT_VERSION = 3.0;
			};
			name = Release;
		};
		1B71BC0520201E25005E0B25 /* Debug */ = {
			isa = XCBuildConfiguration;
			baseConfigurationReference = B6433F9016C000CEC8BBDB24 /* Pods-FlixterTests.debug.xcconfig */;
			buildSettings = {
				ALWAYS_EMBED_SWIFT_STANDARD_LIBRARIES = YES;
				BUNDLE_LOADER = "$(TEST_HOST)";
				INFOPLIST_FILE = FlixterTests/Info.plist;
				LD_RUNPATH_SEARCH_PATHS = "$(inherited) @executable_path/Frameworks @loader_path/Frameworks";
				PRODUCT_BUNDLE_IDENTIFIER = GaadKang.FlixterTests;
				PRODUCT_NAME = "$(TARGET_NAME)";
				SWIFT_VERSION = 3.0;
				TEST_HOST = "$(BUILT_PRODUCTS_DIR)/Flixter.app/Flixter";
			};
			name = Debug;
		};
		1B71BC0620201E25005E0B25 /* Release */ = {
			isa = XCBuildConfiguration;
			baseConfigurationReference = 9FB4699A719296665851535B /* Pods-FlixterTests.release.xcconfig */;
			buildSettings = {
				ALWAYS_EMBED_SWIFT_STANDARD_LIBRARIES = YES;
				BUNDLE_LOADER = "$(TEST_HOST)";
				INFOPLIST_FILE = FlixterTests/Info.plist;
				LD_RUNPATH_SEARCH_PATHS = "$(inherited) @executable_path/Frameworks @loader_path/Frameworks";
				PRODUCT_BUNDLE_IDENTIFIER = GaadKang.FlixterTests;
				PRODUCT_NAME = "$(TARGET_NAME)";
				SWIFT_VERSION = 3.0;
				TEST_HOST = "$(BUILT_PRODUCTS_DIR)/Flixter.app/Flixter";
			};
			name = Release;
		};
		1B71BC0820201E25005E0B25 /* Debug */ = {
			isa = XCBuildConfiguration;
			baseConfigurationReference = 16F4E095D66A8FF9B60F11B4 /* Pods-FlixterUITests.debug.xcconfig */;
			buildSettings = {
				ALWAYS_EMBED_SWIFT_STANDARD_LIBRARIES = YES;
				INFOPLIST_FILE = FlixterUITests/Info.plist;
				LD_RUNPATH_SEARCH_PATHS = "$(inherited) @executable_path/Frameworks @loader_path/Frameworks";
				PRODUCT_BUNDLE_IDENTIFIER = GaadKang.FlixterUITests;
				PRODUCT_NAME = "$(TARGET_NAME)";
				SWIFT_VERSION = 3.0;
				TEST_TARGET_NAME = Flixter;
			};
			name = Debug;
		};
		1B71BC0920201E25005E0B25 /* Release */ = {
			isa = XCBuildConfiguration;
			baseConfigurationReference = EC0688F90CE8274812E6CC46 /* Pods-FlixterUITests.release.xcconfig */;
			buildSettings = {
				ALWAYS_EMBED_SWIFT_STANDARD_LIBRARIES = YES;
				INFOPLIST_FILE = FlixterUITests/Info.plist;
				LD_RUNPATH_SEARCH_PATHS = "$(inherited) @executable_path/Frameworks @loader_path/Frameworks";
				PRODUCT_BUNDLE_IDENTIFIER = GaadKang.FlixterUITests;
				PRODUCT_NAME = "$(TARGET_NAME)";
				SWIFT_VERSION = 3.0;
				TEST_TARGET_NAME = Flixter;
			};
			name = Release;
		};
/* End XCBuildConfiguration section */

/* Begin XCConfigurationList section */
		1B71BBD420201E25005E0B25 /* Build configuration list for PBXProject "Flixter" */ = {
			isa = XCConfigurationList;
			buildConfigurations = (
				1B71BBFF20201E25005E0B25 /* Debug */,
				1B71BC0020201E25005E0B25 /* Release */,
			);
			defaultConfigurationIsVisible = 0;
			defaultConfigurationName = Release;
		};
		1B71BC0120201E25005E0B25 /* Build configuration list for PBXNativeTarget "Flixter" */ = {
			isa = XCConfigurationList;
			buildConfigurations = (
				1B71BC0220201E25005E0B25 /* Debug */,
				1B71BC0320201E25005E0B25 /* Release */,
			);
			defaultConfigurationIsVisible = 0;
			defaultConfigurationName = Release;
		};
		1B71BC0420201E25005E0B25 /* Build configuration list for PBXNativeTarget "FlixterTests" */ = {
			isa = XCConfigurationList;
			buildConfigurations = (
				1B71BC0520201E25005E0B25 /* Debug */,
				1B71BC0620201E25005E0B25 /* Release */,
			);
			defaultConfigurationIsVisible = 0;
			defaultConfigurationName = Release;
		};
		1B71BC0720201E25005E0B25 /* Build configuration list for PBXNativeTarget "FlixterUITests" */ = {
			isa = XCConfigurationList;
			buildConfigurations = (
				1B71BC0820201E25005E0B25 /* Debug */,
				1B71BC0920201E25005E0B25 /* Release */,
			);
			defaultConfigurationIsVisible = 0;
			defaultConfigurationName = Release;
		};
/* End XCConfigurationList section */
	};
	rootObject = 1B71BBD120201E25005E0B25 /* Project object */;
}
